// !$*UTF8*$!
{
	archiveVersion = 1;
	classes = {
	};
	objectVersion = 60;
	objects = {

/* Begin PBXBuildFile section */
		089C16B0293B2C5F00A1B2C3 /* HoopoeApp.swift in Sources */ = {isa = PBXBuildFile; fileRef = 089C16A0293B2C5F00A1B2C3 /* HoopoeApp.swift */; };
		089C16B1293B2C5F00A1B2C3 /* ContentView.swift in Sources */ = {isa = PBXBuildFile; fileRef = 089C16A1293B2C5F00A1B2C3 /* ContentView.swift */; };
		089C16B5293B2C5F00A1B2C3 /* Assets.xcassets in Resources */ = {isa = PBXBuildFile; fileRef = 089C16A5293B2C5F00A1B2C3 /* Assets.xcassets */; };
		089C16B6293B2C5F00A1B2C3 /* Preview Assets.xcassets in Resources */ = {isa = PBXBuildFile; fileRef = 089C16A6293B2C5F00A1B2C3 /* Preview Assets.xcassets */; };
		089C16B2293B2C5F00A1B2C3 /* HoopoeUI in Frameworks */ = {isa = PBXBuildFile; productRef = 089C1710293B2C5F00A1B2C3 /* HoopoeUI */; };
		089C16B3293B2C5F00A1B2C3 /* HoopoeUtils in Frameworks */ = {isa = PBXBuildFile; productRef = 089C1711293B2C5F00A1B2C3 /* HoopoeUtils */; };
		089C16B7293B2C5F00A1B2C3 /* HoopoeCommands.swift in Sources */ = {isa = PBXBuildFile; fileRef = 089C16A8293B2C5F00A1B2C3 /* HoopoeCommands.swift */; };
		089C16B8293B2C5F00A1B2C3 /* PlanDocument.swift in Sources */ = {isa = PBXBuildFile; fileRef = 089C16A9293B2C5F00A1B2C3 /* PlanDocument.swift */; };
		089C16B9293B2C5F00A1B2C3 /* AppSettings.swift in Sources */ = {isa = PBXBuildFile; fileRef = 089C16AA293B2C5F00A1B2C3 /* AppSettings.swift */; };
		089C16BA293B2C5F00A1B2C3 /* SettingsView.swift in Sources */ = {isa = PBXBuildFile; fileRef = 089C16AB293B2C5F00A1B2C3 /* SettingsView.swift */; };
		089C16BB293B2C5F00A1B2C3 /* PlanStore.swift in Sources */ = {isa = PBXBuildFile; fileRef = 089C16AC293B2C5F00A1B2C3 /* PlanStore.swift */; };
		089C16BC293B2C5F00A1B2C3 /* PlanVersionManager.swift in Sources */ = {isa = PBXBuildFile; fileRef = 089C16AD293B2C5F00A1B2C3 /* PlanVersionManager.swift */; };
		089C16BD293B2C5F00A1B2C3 /* PlanGenerationView.swift in Sources */ = {isa = PBXBuildFile; fileRef = 089C16AE293B2C5F00A1B2C3 /* PlanGenerationView.swift */; };
/* End PBXBuildFile section */

/* Begin PBXFileReference section */
		089C16A0293B2C5F00A1B2C3 /* HoopoeApp.swift */ = {isa = PBXFileReference; lastKnownFileType = sourcecode.swift; path = HoopoeApp.swift; sourceTree = "<group>"; };
		089C16A1293B2C5F00A1B2C3 /* ContentView.swift */ = {isa = PBXFileReference; lastKnownFileType = sourcecode.swift; path = ContentView.swift; sourceTree = "<group>"; };
		089C16A2293B2C5F00A1B2C3 /* Hoopoe.entitlements */ = {isa = PBXFileReference; lastKnownFileType = text.plist.entitlements; path = Hoopoe.entitlements; sourceTree = "<group>"; };
		089C16A3293B2C5F00A1B2C3 /* Hoopoe.app */ = {isa = PBXFileReference; explicitFileType = wrapper.application; includeInIndex = 0; path = Hoopoe.app; sourceTree = BUILT_PRODUCTS_DIR; };
		089C16A5293B2C5F00A1B2C3 /* Assets.xcassets */ = {isa = PBXFileReference; lastKnownFileType = folder.assetcatalog; path = Assets.xcassets; sourceTree = "<group>"; };
		089C16A6293B2C5F00A1B2C3 /* Preview Assets.xcassets */ = {isa = PBXFileReference; lastKnownFileType = folder.assetcatalog; path = "Preview Assets.xcassets"; sourceTree = "<group>"; };
		089C16A8293B2C5F00A1B2C3 /* HoopoeCommands.swift */ = {isa = PBXFileReference; lastKnownFileType = sourcecode.swift; path = HoopoeCommands.swift; sourceTree = "<group>"; };
		089C16A9293B2C5F00A1B2C3 /* PlanDocument.swift */ = {isa = PBXFileReference; lastKnownFileType = sourcecode.swift; path = PlanDocument.swift; sourceTree = "<group>"; };
		089C16AA293B2C5F00A1B2C3 /* AppSettings.swift */ = {isa = PBXFileReference; lastKnownFileType = sourcecode.swift; path = AppSettings.swift; sourceTree = "<group>"; };
		089C16AB293B2C5F00A1B2C3 /* SettingsView.swift */ = {isa = PBXFileReference; lastKnownFileType = sourcecode.swift; path = SettingsView.swift; sourceTree = "<group>"; };
		089C16AC293B2C5F00A1B2C3 /* PlanStore.swift */ = {isa = PBXFileReference; lastKnownFileType = sourcecode.swift; path = PlanStore.swift; sourceTree = "<group>"; };
		089C16AD293B2C5F00A1B2C3 /* PlanVersionManager.swift */ = {isa = PBXFileReference; lastKnownFileType = sourcecode.swift; path = PlanVersionManager.swift; sourceTree = "<group>"; };
		089C16AE293B2C5F00A1B2C3 /* PlanGenerationView.swift */ = {isa = PBXFileReference; lastKnownFileType = sourcecode.swift; path = PlanGenerationView.swift; sourceTree = "<group>"; };
/* End PBXFileReference section */

/* Begin PBXFrameworksBuildPhase section */
		089C16D1293B2C5F00A1B2C3 /* Frameworks */ = {
			isa = PBXFrameworksBuildPhase;
			buildActionMask = 2147483647;
			files = (
				089C16B2293B2C5F00A1B2C3 /* HoopoeUI in Frameworks */,
				089C16B3293B2C5F00A1B2C3 /* HoopoeUtils in Frameworks */,
			);
			runOnlyForDeploymentPostprocessing = 0;
		};
/* End PBXFrameworksBuildPhase section */

/* Begin PBXGroup section */
		089C1691293B2C5F00A1B2C3 = {
			isa = PBXGroup;
			children = (
				089C1692293B2C5F00A1B2C3 /* Hoopoe */,
				089C1693293B2C5F00A1B2C3 /* Products */,
			);
			sourceTree = "<group>";
		};
		089C1692293B2C5F00A1B2C3 /* Hoopoe */ = {
			isa = PBXGroup;
			children = (
				089C16A0293B2C5F00A1B2C3 /* HoopoeApp.swift */,
				089C16A1293B2C5F00A1B2C3 /* ContentView.swift */,
				089C16A8293B2C5F00A1B2C3 /* HoopoeCommands.swift */,
				089C16A9293B2C5F00A1B2C3 /* PlanDocument.swift */,
				089C16AA293B2C5F00A1B2C3 /* AppSettings.swift */,
				089C16AB293B2C5F00A1B2C3 /* SettingsView.swift */,
				089C16AC293B2C5F00A1B2C3 /* PlanStore.swift */,
				089C16AD293B2C5F00A1B2C3 /* PlanVersionManager.swift */,
				089C16AE293B2C5F00A1B2C3 /* PlanGenerationView.swift */,
				089C16A5293B2C5F00A1B2C3 /* Assets.xcassets */,
				089C16A2293B2C5F00A1B2C3 /* Hoopoe.entitlements */,
				089C16A7293B2C5F00A1B2C3 /* Preview Content */,
			);
			path = Hoopoe;
			sourceTree = "<group>";
		};
		089C1693293B2C5F00A1B2C3 /* Products */ = {
			isa = PBXGroup;
			children = (
				089C16A3293B2C5F00A1B2C3 /* Hoopoe.app */,
			);
			name = Products;
			sourceTree = "<group>";
		};
		089C16A7293B2C5F00A1B2C3 /* Preview Content */ = {
			isa = PBXGroup;
			children = (
				089C16A6293B2C5F00A1B2C3 /* Preview Assets.xcassets */,
			);
			path = "Preview Content";
			sourceTree = "<group>";
		};
/* End PBXGroup section */

/* Begin PBXNativeTarget section */
		089C16C0293B2C5F00A1B2C3 /* Hoopoe */ = {
			isa = PBXNativeTarget;
			buildConfigurationList = 089C16E2293B2C5F00A1B2C3 /* Build configuration list for PBXNativeTarget "Hoopoe" */;
			buildPhases = (
				089C16D0293B2C5F00A1B2C3 /* Sources */,
				089C16D1293B2C5F00A1B2C3 /* Frameworks */,
				089C16D2293B2C5F00A1B2C3 /* Resources */,
			);
			buildRules = (
			);
			dependencies = (
			);
			name = Hoopoe;
			packageProductDependencies = (
				089C1710293B2C5F00A1B2C3 /* HoopoeUI */,
				089C1711293B2C5F00A1B2C3 /* HoopoeUtils */,
			);
			productName = Hoopoe;
			productReference = 089C16A3293B2C5F00A1B2C3 /* Hoopoe.app */;
			productType = "com.apple.product-type.application";
		};
/* End PBXNativeTarget section */

/* Begin PBXProject section */
		089C1690293B2C5F00A1B2C3 /* Project object */ = {
			isa = PBXProject;
			attributes = {
				BuildIndependentTargetsInParallel = 1;
				LastSwiftUpdateCheck = 1600;
				LastUpgradeCheck = 1600;
				TargetAttributes = {
					089C16C0293B2C5F00A1B2C3 = {
						CreatedOnToolsVersion = 16.0;
					};
				};
			};
			buildConfigurationList = 089C16F2293B2C5F00A1B2C3 /* Build configuration list for PBXProject "Hoopoe" */;
			compatibilityVersion = "Xcode 15.0";
			developmentRegion = en;
			hasScannedForEncodings = 0;
			knownRegions = (
				en,
				Base,
			);
			mainGroup = 089C1691293B2C5F00A1B2C3;
			packageReferences = (
				089C1700293B2C5F00A1B2C3 /* XCLocalSwiftPackageReference "HoopoeUI" */,
				089C1701293B2C5F00A1B2C3 /* XCLocalSwiftPackageReference "HoopoeUtils" */,
			);
			productRefGroup = 089C1693293B2C5F00A1B2C3 /* Products */;
			projectDirPath = "";
			projectRoot = "";
			targets = (
				089C16C0293B2C5F00A1B2C3 /* Hoopoe */,
			);
		};
/* End PBXProject section */

/* Begin PBXResourcesBuildPhase section */
		089C16D2293B2C5F00A1B2C3 /* Resources */ = {
			isa = PBXResourcesBuildPhase;
			buildActionMask = 2147483647;
			files = (
				089C16B6293B2C5F00A1B2C3 /* Preview Assets.xcassets in Resources */,
				089C16B5293B2C5F00A1B2C3 /* Assets.xcassets in Resources */,
			);
			runOnlyForDeploymentPostprocessing = 0;
		};
/* End PBXResourcesBuildPhase section */

/* Begin PBXSourcesBuildPhase section */
		089C16D0293B2C5F00A1B2C3 /* Sources */ = {
			isa = PBXSourcesBuildPhase;
			buildActionMask = 2147483647;
			files = (
				089C16B1293B2C5F00A1B2C3 /* ContentView.swift in Sources */,
				089C16B0293B2C5F00A1B2C3 /* HoopoeApp.swift in Sources */,
				089C16B7293B2C5F00A1B2C3 /* HoopoeCommands.swift in Sources */,
				089C16B8293B2C5F00A1B2C3 /* PlanDocument.swift in Sources */,
				089C16B9293B2C5F00A1B2C3 /* AppSettings.swift in Sources */,
				089C16BA293B2C5F00A1B2C3 /* SettingsView.swift in Sources */,
				089C16BB293B2C5F00A1B2C3 /* PlanStore.swift in Sources */,
				089C16BC293B2C5F00A1B2C3 /* PlanVersionManager.swift in Sources */,
				089C16BD293B2C5F00A1B2C3 /* PlanGenerationView.swift in Sources */,
			);
			runOnlyForDeploymentPostprocessing = 0;
		};
/* End PBXSourcesBuildPhase section */

/* Begin XCBuildConfiguration section */
		089C16E0293B2C5F00A1B2C3 /* Debug */ = {
			isa = XCBuildConfiguration;
			buildSettings = {
				ASSETCATALOG_COMPILER_APPICON_NAME = AppIcon;
				ASSETCATALOG_COMPILER_GLOBAL_ACCENT_COLOR_NAME = AccentColor;
				CODE_SIGN_ENTITLEMENTS = Hoopoe/Hoopoe.entitlements;
				CODE_SIGN_STYLE = Automatic;
				COMBINE_HIDPI_IMAGES = YES;
				CURRENT_PROJECT_VERSION = 1;
				DEVELOPMENT_ASSET_PATHS = "\"Hoopoe/Preview Content\"";
				ENABLE_PREVIEWS = YES;
				GENERATE_INFOPLIST_FILE = YES;
				INFOPLIST_KEY_CFBundleDisplayName = Hoopoe;
				INFOPLIST_KEY_LSApplicationCategoryType = "public.app-category.developer-tools";
				INFOPLIST_KEY_NSHumanReadableCopyright = "Copyright 2026. All rights reserved.";
				LD_RUNPATH_SEARCH_PATHS = (
					"$(inherited)",
					"@executable_path/../Frameworks",
				);
				MARKETING_VERSION = 0.1.0;
				PRODUCT_BUNDLE_IDENTIFIER = com.hoopoe.app;
				PRODUCT_NAME = "$(TARGET_NAME)";
				SWIFT_EMIT_LOC_STRINGS = YES;
				SWIFT_STRICT_CONCURRENCY = complete;
				SWIFT_VERSION = 6.0;
			};
			name = Debug;
		};
		089C16E1293B2C5F00A1B2C3 /* Release */ = {
			isa = XCBuildConfiguration;
			buildSettings = {
				ASSETCATALOG_COMPILER_APPICON_NAME = AppIcon;
				ASSETCATALOG_COMPILER_GLOBAL_ACCENT_COLOR_NAME = AccentColor;
				CODE_SIGN_ENTITLEMENTS = Hoopoe/Hoopoe.entitlements;
				CODE_SIGN_STYLE = Automatic;
				COMBINE_HIDPI_IMAGES = YES;
				CURRENT_PROJECT_VERSION = 1;
				DEVELOPMENT_ASSET_PATHS = "\"Hoopoe/Preview Content\"";
				ENABLE_PREVIEWS = YES;
				GENERATE_INFOPLIST_FILE = YES;
				INFOPLIST_KEY_CFBundleDisplayName = Hoopoe;
				INFOPLIST_KEY_LSApplicationCategoryType = "public.app-category.developer-tools";
				INFOPLIST_KEY_NSHumanReadableCopyright = "Copyright 2026. All rights reserved.";
				LD_RUNPATH_SEARCH_PATHS = (
					"$(inherited)",
					"@executable_path/../Frameworks",
				);
				MARKETING_VERSION = 0.1.0;
				PRODUCT_BUNDLE_IDENTIFIER = com.hoopoe.app;
				PRODUCT_NAME = "$(TARGET_NAME)";
				SWIFT_EMIT_LOC_STRINGS = YES;
				SWIFT_STRICT_CONCURRENCY = complete;
				SWIFT_VERSION = 6.0;
			};
			name = Release;
		};
		089C16F0293B2C5F00A1B2C3 /* Debug */ = {
			isa = XCBuildConfiguration;
			buildSettings = {
				ALWAYS_SEARCH_USER_PATHS = NO;
				ASSETCATALOG_COMPILER_GENERATE_SWIFT_ASSET_SYMBOL_EXTENSIONS = YES;
				CLANG_ANALYZER_NONNULL = YES;
				CLANG_ANALYZER_NUMBER_OBJECT_CONVERSION = YES_AGGRESSIVE;
				CLANG_CXX_LANGUAGE_STANDARD = "gnu++20";
				CLANG_ENABLE_MODULES = YES;
				CLANG_ENABLE_OBJC_ARC = YES;
				CLANG_ENABLE_OBJC_WEAK = YES;
				CLANG_WARN_BLOCK_CAPTURE_AUTORELEASING = YES;
				CLANG_WARN_BOOL_CONVERSION = YES;
				CLANG_WARN_COMMA = YES;
				CLANG_WARN_CONSTANT_CONVERSION = YES;
				CLANG_WARN_DEPRECATED_OBJC_IMPLEMENTATIONS = YES;
				CLANG_WARN_DIRECT_OBJC_ISA_USAGE = YES_ERROR;
				CLANG_WARN_DOCUMENTATION_COMMENTS = YES;
				CLANG_WARN_EMPTY_BODY = YES;
				CLANG_WARN_ENUM_CONVERSION = YES;
				CLANG_WARN_INFINITE_RECURSION = YES;
				CLANG_WARN_INT_CONVERSION = YES;
				CLANG_WARN_NON_LITERAL_NULL_CONVERSION = YES;
				CLANG_WARN_OBJC_IMPLICIT_RETAIN_SELF = YES;
				CLANG_WARN_OBJC_LITERAL_CONVERSION = YES;
				CLANG_WARN_OBJC_ROOT_CLASS = YES_ERROR;
				CLANG_WARN_QUOTED_INCLUDE_IN_FRAMEWORK_HEADER = YES;
				CLANG_WARN_RANGE_LOOP_ANALYSIS = YES;
				CLANG_WARN_STRICT_PROTOTYPES = YES;
				CLANG_WARN_SUSPICIOUS_MOVE = YES;
				CLANG_WARN_UNGUARDED_AVAILABILITY = YES_AGGRESSIVE;
				CLANG_WARN_UNREACHABLE_CODE = YES;
				CLANG_WARN__DUPLICATE_METHOD_MATCH = YES;
				COPY_PHASE_STRIP = NO;
				DEBUG_INFORMATION_FORMAT = dwarf;
				ENABLE_STRICT_OBJC_MSGSEND = YES;
				ENABLE_TESTABILITY = YES;
				ENABLE_USER_SCRIPT_SANDBOXING = YES;
				GCC_C_LANGUAGE_STANDARD = gnu17;
				GCC_DYNAMIC_NO_PIC = NO;
				GCC_NO_COMMON_BLOCKS = YES;
				GCC_OPTIMIZATION_LEVEL = 0;
				GCC_PREPROCESSOR_DEFINITIONS = (
					"DEBUG=1",
					"$(inherited)",
				);
				GCC_WARN_64_TO_32_BIT_CONVERSION = YES;
				GCC_WARN_ABOUT_RETURN_TYPE = YES_ERROR;
				GCC_WARN_UNDECLARED_SELECTOR = YES;
				GCC_WARN_UNINITIALIZED_AUTOS = YES_AGGRESSIVE;
				GCC_WARN_UNUSED_FUNCTION = YES;
				GCC_WARN_UNUSED_VARIABLE = YES;
				MACOSX_DEPLOYMENT_TARGET = 14.0;
				MTL_ENABLE_DEBUG_INFO = INCLUDE_SOURCE;
				MTL_FAST_MATH = YES;
				ONLY_ACTIVE_ARCH = YES;
				SDKROOT = macosx;
				SWIFT_ACTIVE_COMPILATION_CONDITIONS = "$(inherited) DEBUG";
				SWIFT_OPTIMIZATION_LEVEL = "-Onone";
				SWIFT_STRICT_CONCURRENCY = complete;
				SWIFT_VERSION = 6.0;
			};
			name = Debug;
		};
		089C16F1293B2C5F00A1B2C3 /* Release */ = {
			isa = XCBuildConfiguration;
			buildSettings = {
				ALWAYS_SEARCH_USER_PATHS = NO;
				ASSETCATALOG_COMPILER_GENERATE_SWIFT_ASSET_SYMBOL_EXTENSIONS = YES;
				CLANG_ANALYZER_NONNULL = YES;
				CLANG_ANALYZER_NUMBER_OBJECT_CONVERSION = YES_AGGRESSIVE;
				CLANG_CXX_LANGUAGE_STANDARD = "gnu++20";
				CLANG_ENABLE_MODULES = YES;
				CLANG_ENABLE_OBJC_ARC = YES;
				CLANG_ENABLE_OBJC_WEAK = YES;
				CLANG_WARN_BLOCK_CAPTURE_AUTORELEASING = YES;
				CLANG_WARN_BOOL_CONVERSION = YES;
				CLANG_WARN_COMMA = YES;
				CLANG_WARN_CONSTANT_CONVERSION = YES;
				CLANG_WARN_DEPRECATED_OBJC_IMPLEMENTATIONS = YES;
				CLANG_WARN_DIRECT_OBJC_ISA_USAGE = YES_ERROR;
				CLANG_WARN_DOCUMENTATION_COMMENTS = YES;
				CLANG_WARN_EMPTY_BODY = YES;
				CLANG_WARN_ENUM_CONVERSION = YES;
				CLANG_WARN_INFINITE_RECURSION = YES;
				CLANG_WARN_INT_CONVERSION = YES;
				CLANG_WARN_NON_LITERAL_NULL_CONVERSION = YES;
				CLANG_WARN_OBJC_IMPLICIT_RETAIN_SELF = YES;
				CLANG_WARN_OBJC_LITERAL_CONVERSION = YES;
				CLANG_WARN_OBJC_ROOT_CLASS = YES_ERROR;
				CLANG_WARN_QUOTED_INCLUDE_IN_FRAMEWORK_HEADER = YES;
				CLANG_WARN_RANGE_LOOP_ANALYSIS = YES;
				CLANG_WARN_STRICT_PROTOTYPES = YES;
				CLANG_WARN_SUSPICIOUS_MOVE = YES;
				CLANG_WARN_UNGUARDED_AVAILABILITY = YES_AGGRESSIVE;
				CLANG_WARN_UNREACHABLE_CODE = YES;
				CLANG_WARN__DUPLICATE_METHOD_MATCH = YES;
				COPY_PHASE_STRIP = NO;
				DEBUG_INFORMATION_FORMAT = "dwarf-with-dsym";
				ENABLE_NS_ASSERTIONS = NO;
				ENABLE_STRICT_OBJC_MSGSEND = YES;
				ENABLE_USER_SCRIPT_SANDBOXING = YES;
				GCC_C_LANGUAGE_STANDARD = gnu17;
				GCC_NO_COMMON_BLOCKS = YES;
				GCC_WARN_64_TO_32_BIT_CONVERSION = YES;
				GCC_WARN_ABOUT_RETURN_TYPE = YES_ERROR;
				GCC_WARN_UNDECLARED_SELECTOR = YES;
				GCC_WARN_UNINITIALIZED_AUTOS = YES_AGGRESSIVE;
				GCC_WARN_UNUSED_FUNCTION = YES;
				GCC_WARN_UNUSED_VARIABLE = YES;
				MACOSX_DEPLOYMENT_TARGET = 14.0;
				MTL_ENABLE_DEBUG_INFO = NO;
				MTL_FAST_MATH = YES;
				SDKROOT = macosx;
				SWIFT_COMPILATION_MODE = wholemodule;
				SWIFT_STRICT_CONCURRENCY = complete;
				SWIFT_VERSION = 6.0;
			};
			name = Release;
		};
/* End XCBuildConfiguration section */

/* Begin XCConfigurationList section */
		089C16E2293B2C5F00A1B2C3 /* Build configuration list for PBXNativeTarget "Hoopoe" */ = {
			isa = XCConfigurationList;
			buildConfigurations = (
				089C16E0293B2C5F00A1B2C3 /* Debug */,
				089C16E1293B2C5F00A1B2C3 /* Release */,
			);
			defaultConfigurationIsVisible = 0;
			defaultConfigurationName = Release;
		};
		089C16F2293B2C5F00A1B2C3 /* Build configuration list for PBXProject "Hoopoe" */ = {
			isa = XCConfigurationList;
			buildConfigurations = (
				089C16F0293B2C5F00A1B2C3 /* Debug */,
				089C16F1293B2C5F00A1B2C3 /* Release */,
			);
			defaultConfigurationIsVisible = 0;
			defaultConfigurationName = Release;
		};
/* End XCConfigurationList section */

/* Begin XCLocalSwiftPackageReference section */
		089C1700293B2C5F00A1B2C3 /* XCLocalSwiftPackageReference "HoopoeUI" */ = {
			isa = XCLocalSwiftPackageReference;
			relativePath = HoopoeUI;
		};
		089C1701293B2C5F00A1B2C3 /* XCLocalSwiftPackageReference "HoopoeUtils" */ = {
			isa = XCLocalSwiftPackageReference;
			relativePath = HoopoeUtils;
		};
/* End XCLocalSwiftPackageReference section */

/* Begin XCSwiftPackageProductDependency section */
		089C1710293B2C5F00A1B2C3 /* HoopoeUI */ = {
			isa = XCSwiftPackageProductDependency;
			productName = HoopoeUI;
		};
		089C1711293B2C5F00A1B2C3 /* HoopoeUtils */ = {
			isa = XCSwiftPackageProductDependency;
			productName = HoopoeUtils;
		};
/* End XCSwiftPackageProductDependency section */
	};
	rootObject = 089C1690293B2C5F00A1B2C3 /* Project object */;
}
